# This file was autogenerated by Stack.
# You should not edit this file by hand.
# For more information, please see the documentation at:
#   https://docs.haskellstack.org/en/stable/lock_files

packages: []
snapshots:
- completed:
    size: 617446
    url: https://raw.githubusercontent.com/commercialhaskell/stackage-snapshots/master/nightly/2022/7/26.yaml
    sha256: dc3c9dc2b805f7a90d8c0a3d69600bc35ba9492e1a9abfb7e60170fb63cda472
  original: nightly-2022-07-26
